
Microsoft Visual Studio Solution File, Format Version 12.00
# Visual Studio Version 16
VisualStudioVersion = 16.0.30204.135
MinimumVisualStudioVersion = 10.0.40219.1
Project("{2150E333-8FDC-42A3-9474-1A3956D46DE8}") = "src", "src", "{CBFFFEA9-60E2-4179-BBBA-989DC6E9C3BD}"
EndProject
Project("{2150E333-8FDC-42A3-9474-1A3956D46DE8}") = "Solution Items", "Solution Items", "{AF60A9C5-549D-46BC-B782-7B7AD1C207D0}"
	ProjectSection(SolutionItems) = preProject
		.gitignore = .gitignore
		azure-pipelines.yml = azure-pipelines.yml
		CHANGELOG.md = CHANGELOG.md
		Directory.Build.props = Directory.Build.props
		GitHubReleaseNotes.txt = GitHubReleaseNotes.txt
		README.md = README.md
	EndProjectSection
EndProject
Project("{9A19103F-16F7-4668-BE54-9A1E7A4F7556}") = "AspNetCore.Security.Auth0", "src\AspNetCore.Security.Auth0\AspNetCore.Security.Auth0.csproj", "{EE65A98A-FC2F-4FF8-8717-7332267EE8E8}"
EndProject
Project("{2150E333-8FDC-42A3-9474-1A3956D46DE8}") = "examples", "examples", "{DEE8B17E-52AE-4A73-B160-012BDD6A6E31}"
EndProject
Project("{9A19103F-16F7-4668-BE54-9A1E7A4F7556}") = "AspNetCore.Security.Auth0.NETCoreApp3", "src\AspNetCore.Security.Auth0.NETCoreApp3\AspNetCore.Security.Auth0.NETCoreApp3.csproj", "{4B7ECA47-7BDF-49D0-936C-9D86C2EDF701}"
EndProject
Project("{9A19103F-16F7-4668-BE54-9A1E7A4F7556}") = "WeatherApi.NETCoreApp2.1", "examples\WeatherApi.NETCoreApp2.1\WeatherApi.NETCoreApp2.1.csproj", "{4B49722C-5290-498A-A65D-635FEF610F0B}"
EndProject
Project("{9A19103F-16F7-4668-BE54-9A1E7A4F7556}") = "WeatherApi.NETCoreApp3.0", "examples\WeatherApi.NETCoreApp3.0\WeatherApi.NETCoreApp3.0.csproj", "{EA2CCA56-B7F9-40EA-BF0A-34EC2986CC14}"
EndProject
Project("{9A19103F-16F7-4668-BE54-9A1E7A4F7556}") = "WeatherApi.NETCoreApp3.1", "examples\WeatherApi.NETCoreApp3.1\WeatherApi.NETCoreApp3.1.csproj", "{AE571628-0867-4F1F-B192-BBD38E6FBA18}"
EndProject
Global
	GlobalSection(SolutionConfigurationPlatforms) = preSolution
		Debug|Any CPU = Debug|Any CPU
		Release|Any CPU = Release|Any CPU
	EndGlobalSection
	GlobalSection(ProjectConfigurationPlatforms) = postSolution
		{EE65A98A-FC2F-4FF8-8717-7332267EE8E8}.Debug|Any CPU.ActiveCfg = Debug|Any CPU
		{EE65A98A-FC2F-4FF8-8717-7332267EE8E8}.Debug|Any CPU.Build.0 = Debug|Any CPU
		{EE65A98A-FC2F-4FF8-8717-7332267EE8E8}.Release|Any CPU.ActiveCfg = Release|Any CPU
		{EE65A98A-FC2F-4FF8-8717-7332267EE8E8}.Release|Any CPU.Build.0 = Release|Any CPU
		{4B7ECA47-7BDF-49D0-936C-9D86C2EDF701}.Debug|Any CPU.ActiveCfg = Debug|Any CPU
		{4B7ECA47-7BDF-49D0-936C-9D86C2EDF701}.Debug|Any CPU.Build.0 = Debug|Any CPU
		{4B7ECA47-7BDF-49D0-936C-9D86C2EDF701}.Release|Any CPU.ActiveCfg = Release|Any CPU
		{4B7ECA47-7BDF-49D0-936C-9D86C2EDF701}.Release|Any CPU.Build.0 = Release|Any CPU
		{4B49722C-5290-498A-A65D-635FEF610F0B}.Debug|Any CPU.ActiveCfg = Debug|Any CPU
		{4B49722C-5290-498A-A65D-635FEF610F0B}.Debug|Any CPU.Build.0 = Debug|Any CPU
		{4B49722C-5290-498A-A65D-635FEF610F0B}.Release|Any CPU.ActiveCfg = Release|Any CPU
		{4B49722C-5290-498A-A65D-635FEF610F0B}.Release|Any CPU.Build.0 = Release|Any CPU
		{EA2CCA56-B7F9-40EA-BF0A-34EC2986CC14}.Debug|Any CPU.ActiveCfg = Debug|Any CPU
		{EA2CCA56-B7F9-40EA-BF0A-34EC2986CC14}.Debug|Any CPU.Build.0 = Debug|Any CPU
		{EA2CCA56-B7F9-40EA-BF0A-34EC2986CC14}.Release|Any CPU.ActiveCfg = Release|Any CPU
		{EA2CCA56-B7F9-40EA-BF0A-34EC2986CC14}.Release|Any CPU.Build.0 = Release|Any CPU
		{AE571628-0867-4F1F-B192-BBD38E6FBA18}.Debug|Any CPU.ActiveCfg = Debug|Any CPU
		{AE571628-0867-4F1F-B192-BBD38E6FBA18}.Debug|Any CPU.Build.0 = Debug|Any CPU
		{AE571628-0867-4F1F-B192-BBD38E6FBA18}.Release|Any CPU.ActiveCfg = Release|Any CPU
		{AE571628-0867-4F1F-B192-BBD38E6FBA18}.Release|Any CPU.Build.0 = Release|Any CPU
	EndGlobalSection
	GlobalSection(SolutionProperties) = preSolution
		HideSolutionNode = FALSE
	EndGlobalSection
	GlobalSection(NestedProjects) = preSolution
		{EE65A98A-FC2F-4FF8-8717-7332267EE8E8} = {CBFFFEA9-60E2-4179-BBBA-989DC6E9C3BD}
		{4B7ECA47-7BDF-49D0-936C-9D86C2EDF701} = {CBFFFEA9-60E2-4179-BBBA-989DC6E9C3BD}
		{4B49722C-5290-498A-A65D-635FEF610F0B} = {DEE8B17E-52AE-4A73-B160-012BDD6A6E31}
		{EA2CCA56-B7F9-40EA-BF0A-34EC2986CC14} = {DEE8B17E-52AE-4A73-B160-012BDD6A6E31}
		{AE571628-0867-4F1F-B192-BBD38E6FBA18} = {DEE8B17E-52AE-4A73-B160-012BDD6A6E31}
	EndGlobalSection
	GlobalSection(ExtensibilityGlobals) = postSolution
		SolutionGuid = {3A6ED5AF-7B32-444B-887A-ABF343EE609C}
	EndGlobalSection
EndGlobal
